
Microsoft Visual Studio Solution File, Format Version 12.00
# Visual Studio 15
VisualStudioVersion = 15.0.27703.2000
MinimumVisualStudioVersion = 10.0.40219.1
Project("{9A19103F-16F7-4668-BE54-9A1E7A4F7556}") = "ServiceBusHelloWorld", "ServiceBusHelloWorld\ServiceBusHelloWorld.csproj", "{4F7F9720-649F-4158-A3EE-7AC662C735E6}"
EndProject
Project("{9A19103F-16F7-4668-BE54-9A1E7A4F7556}") = "AzureFunctionsHelloWorld", "AzureFunctionsHelloWorld\AzureFunctionsHelloWorld.csproj", "{69482B61-18E5-48C2-B2BB-81651CB7A624}"
EndProject
Global
	GlobalSection(SolutionConfigurationPlatforms) = preSolution
		Debug|Any CPU = Debug|Any CPU
		Release|Any CPU = Release|Any CPU
	EndGlobalSection
	GlobalSection(ProjectConfigurationPlatforms) = postSolution
		{4F7F9720-649F-4158-A3EE-7AC662C735E6}.Debug|Any CPU.ActiveCfg = Debug|Any CPU
		{4F7F9720-649F-4158-A3EE-7AC662C735E6}.Debug|Any CPU.Build.0 = Debug|Any CPU
		{4F7F9720-649F-4158-A3EE-7AC662C735E6}.Release|Any CPU.ActiveCfg = Release|Any CPU
		{4F7F9720-649F-4158-A3EE-7AC662C735E6}.Release|Any CPU.Build.0 = Release|Any CPU
		{69482B61-18E5-48C2-B2BB-81651CB7A624}.Debug|Any CPU.ActiveCfg = Debug|Any CPU
		{69482B61-18E5-48C2-B2BB-81651CB7A624}.Debug|Any CPU.Build.0 = Debug|Any CPU
		{69482B61-18E5-48C2-B2BB-81651CB7A624}.Release|Any CPU.ActiveCfg = Release|Any CPU
		{69482B61-18E5-48C2-B2BB-81651CB7A624}.Release|Any CPU.Build.0 = Release|Any CPU
	EndGlobalSection
	GlobalSection(SolutionProperties) = preSolution
		HideSolutionNode = FALSE
	EndGlobalSection
	GlobalSection(ExtensibilityGlobals) = postSolution
		SolutionGuid = {B5D4955F-AE3D-4D02-B902-4DB758FA753F}
	EndGlobalSection
EndGlobal
